// !$*UTF8*$!
{
	archiveVersion = 1;
	classes = {
	};
	objectVersion = 46;
	objects = {

/* Begin PBXBuildFile section */
		1BC96EC81E32478C0088550F /* AppDelegate.swift in Sources */ = {isa = PBXBuildFile; fileRef = 1BC96EC71E32478C0088550F /* AppDelegate.swift */; };
		1BC96ECA1E32478C0088550F /* ViewController.swift in Sources */ = {isa = PBXBuildFile; fileRef = 1BC96EC91E32478C0088550F /* ViewController.swift */; };
		1BC96ECD1E32478C0088550F /* Main.storyboard in Resources */ = {isa = PBXBuildFile; fileRef = 1BC96ECB1E32478C0088550F /* Main.storyboard */; };
		1BC96ED01E32478C0088550F /* CRUDCoreData.xcdatamodeld in Sources */ = {isa = PBXBuildFile; fileRef = 1BC96ECE1E32478C0088550F /* CRUDCoreData.xcdatamodeld */; };
		1BC96ED21E32478C0088550F /* Assets.xcassets in Resources */ = {isa = PBXBuildFile; fileRef = 1BC96ED11E32478C0088550F /* Assets.xcassets */; };
		1BC96ED51E32478C0088550F /* LaunchScreen.storyboard in Resources */ = {isa = PBXBuildFile; fileRef = 1BC96ED31E32478C0088550F /* LaunchScreen.storyboard */; };
		1BC96EDE1E3247C60088550F /* CoreDataHelper.swift in Sources */ = {isa = PBXBuildFile; fileRef = 1BC96EDD1E3247C60088550F /* CoreDataHelper.swift */; };
		1BC96EE01E3247CD0088550F /* CoreDataStore.swift in Sources */ = {isa = PBXBuildFile; fileRef = 1BC96EDF1E3247CD0088550F /* CoreDataStore.swift */; };
/* End PBXBuildFile section */

/* Begin PBXFileReference section */
		1BC96EC41E32478C0088550F /* CRUDCoreData.app */ = {isa = PBXFileReference; explicitFileType = wrapper.application; includeInIndex = 0; path = CRUDCoreData.app; sourceTree = BUILT_PRODUCTS_DIR; };
		1BC96EC71E32478C0088550F /* AppDelegate.swift */ = {isa = PBXFileReference; lastKnownFileType = sourcecode.swift; path = AppDelegate.swift; sourceTree = "<group>"; };
		1BC96EC91E32478C0088550F /* ViewController.swift */ = {isa = PBXFileReference; lastKnownFileType = sourcecode.swift; path = ViewController.swift; sourceTree = "<group>"; };
		1BC96ECC1E32478C0088550F /* Base */ = {isa = PBXFileReference; lastKnownFileType = file.storyboard; name = Base; path = Base.lproj/Main.storyboard; sourceTree = "<group>"; };
		1BC96ECF1E32478C0088550F /* CRUDCoreData.xcdatamodel */ = {isa = PBXFileReference; lastKnownFileType = wrapper.xcdatamodel; path = CRUDCoreData.xcdatamodel; sourceTree = "<group>"; };
		1BC96ED11E32478C0088550F /* Assets.xcassets */ = {isa = PBXFileReference; lastKnownFileType = folder.assetcatalog; path = Assets.xcassets; sourceTree = "<group>"; };
		1BC96ED41E32478C0088550F /* Base */ = {isa = PBXFileReference; lastKnownFileType = file.storyboard; name = Base; path = Base.lproj/LaunchScreen.storyboard; sourceTree = "<group>"; };
		1BC96ED61E32478C0088550F /* Info.plist */ = {isa = PBXFileReference; lastKnownFileType = text.plist.xml; path = Info.plist; sourceTree = "<group>"; };
		1BC96EDD1E3247C60088550F /* CoreDataHelper.swift */ = {isa = PBXFileReference; fileEncoding = 4; lastKnownFileType = sourcecode.swift; path = CoreDataHelper.swift; sourceTree = "<group>"; };
		1BC96EDF1E3247CD0088550F /* CoreDataStore.swift */ = {isa = PBXFileReference; fileEncoding = 4; lastKnownFileType = sourcecode.swift; path = CoreDataStore.swift; sourceTree = "<group>"; };
/* End PBXFileReference section */

/* Begin PBXFrameworksBuildPhase section */
		1BC96EC11E32478C0088550F /* Frameworks */ = {
			isa = PBXFrameworksBuildPhase;
			buildActionMask = 2147483647;
			files = (
			);
			runOnlyForDeploymentPostprocessing = 0;
		};
/* End PBXFrameworksBuildPhase section */

/* Begin PBXGroup section */
		1BB0EC711E35332E000CDAD0 /* ViewController */ = {
			isa = PBXGroup;
			children = (
				1BC96EC91E32478C0088550F /* ViewController.swift */,
			);
			name = ViewController;
			sourceTree = "<group>";
		};
		1BC96EBB1E32478C0088550F = {
			isa = PBXGroup;
			children = (
				1BC96EC61E32478C0088550F /* CRUDCoreData */,
				1BC96EC51E32478C0088550F /* Products */,
			);
			sourceTree = "<group>";
		};
		1BC96EC51E32478C0088550F /* Products */ = {
			isa = PBXGroup;
			children = (
				1BC96EC41E32478C0088550F /* CRUDCoreData.app */,
			);
			name = Products;
			sourceTree = "<group>";
		};
		1BC96EC61E32478C0088550F /* CRUDCoreData */ = {
			isa = PBXGroup;
			children = (
				1BB0EC711E35332E000CDAD0 /* ViewController */,
				1BC96EDC1E3247AF0088550F /* CoreData */,
				1BC96EC71E32478C0088550F /* AppDelegate.swift */,
				1BC96ECB1E32478C0088550F /* Main.storyboard */,
				1BC96ED11E32478C0088550F /* Assets.xcassets */,
				1BC96ED31E32478C0088550F /* LaunchScreen.storyboard */,
				1BC96ED61E32478C0088550F /* Info.plist */,
			);
			path = CRUDCoreData;
			sourceTree = "<group>";
		};
		1BC96EDC1E3247AF0088550F /* CoreData */ = {
			isa = PBXGroup;
			children = (
				1BC96EDD1E3247C60088550F /* CoreDataHelper.swift */,
				1BC96EDF1E3247CD0088550F /* CoreDataStore.swift */,
				1BC96ECE1E32478C0088550F /* CRUDCoreData.xcdatamodeld */,
			);
			name = CoreData;
			sourceTree = "<group>";
		};
/* End PBXGroup section */

/* Begin PBXNativeTarget section */
		1BC96EC31E32478C0088550F /* CRUDCoreData */ = {
			isa = PBXNativeTarget;
			buildConfigurationList = 1BC96ED91E32478C0088550F /* Build configuration list for PBXNativeTarget "CRUDCoreData" */;
			buildPhases = (
				1BC96EC01E32478C0088550F /* Sources */,
				1BC96EC11E32478C0088550F /* Frameworks */,
				1BC96EC21E32478C0088550F /* Resources */,
			);
			buildRules = (
			);
			dependencies = (
			);
			name = CRUDCoreData;
			productName = CRUDCoreData;
			productReference = 1BC96EC41E32478C0088550F /* CRUDCoreData.app */;
			productType = "com.apple.product-type.application";
		};
/* End PBXNativeTarget section */

/* Begin PBXProject section */
		1BC96EBC1E32478C0088550F /* Project object */ = {
			isa = PBXProject;
			attributes = {
				LastSwiftUpdateCheck = 0820;
				LastUpgradeCheck = 0820;
				ORGANIZATIONNAME = Raj;
				TargetAttributes = {
					1BC96EC31E32478C0088550F = {
						CreatedOnToolsVersion = 8.2.1;
						ProvisioningStyle = Automatic;
					};
				};
			};
			buildConfigurationList = 1BC96EBF1E32478C0088550F /* Build configuration list for PBXProject "CRUDCoreData" */;
			compatibilityVersion = "Xcode 3.2";
			developmentRegion = English;
			hasScannedForEncodings = 0;
			knownRegions = (
				en,
				Base,
			);
			mainGroup = 1BC96EBB1E32478C0088550F;
			productRefGroup = 1BC96EC51E32478C0088550F /* Products */;
			projectDirPath = "";
			projectRoot = "";
			targets = (
				1BC96EC31E32478C0088550F /* CRUDCoreData */,
			);
		};
/* End PBXProject section */

/* Begin PBXResourcesBuildPhase section */
		1BC96EC21E32478C0088550F /* Resources */ = {
			isa = PBXResourcesBuildPhase;
			buildActionMask = 2147483647;
			files = (
				1BC96ED51E32478C0088550F /* LaunchScreen.storyboard in Resources */,
				1BC96ED21E32478C0088550F /* Assets.xcassets in Resources */,
				1BC96ECD1E32478C0088550F /* Main.storyboard in Resources */,
			);
			runOnlyForDeploymentPostprocessing = 0;
		};
/* End PBXResourcesBuildPhase section */

/* Begin PBXSourcesBuildPhase section */
		1BC96EC01E32478C0088550F /* Sources */ = {
			isa = PBXSourcesBuildPhase;
			buildActionMask = 2147483647;
			files = (
				1BC96ED01E32478C0088550F /* CRUDCoreData.xcdatamodeld in Sources */,
				1BC96ECA1E32478C0088550F /* ViewController.swift in Sources */,
				1BC96EDE1E3247C60088550F /* CoreDataHelper.swift in Sources */,
				1BC96EC81E32478C0088550F /* AppDelegate.swift in Sources */,
				1BC96EE01E3247CD0088550F /* CoreDataStore.swift in Sources */,
			);
			runOnlyForDeploymentPostprocessing = 0;
		};
/* End PBXSourcesBuildPhase section */

/* Begin PBXVariantGroup section */
		1BC96ECB1E32478C0088550F /* Main.storyboard */ = {
			isa = PBXVariantGroup;
			children = (
				1BC96ECC1E32478C0088550F /* Base */,
			);
			name = Main.storyboard;
			sourceTree = "<group>";
		};
		1BC96ED31E32478C0088550F /* LaunchScreen.storyboard */ = {
			isa = PBXVariantGroup;
			children = (
				1BC96ED41E32478C0088550F /* Base */,
			);
			name = LaunchScreen.storyboard;
			sourceTree = "<group>";
		};
/* End PBXVariantGroup section */

/* Begin XCBuildConfiguration section */
		1BC96ED71E32478C0088550F /* Debug */ = {
			isa = XCBuildConfiguration;
			buildSettings = {
				ALWAYS_SEARCH_USER_PATHS = NO;
				CLANG_ANALYZER_NONNULL = YES;
				CLANG_CXX_LANGUAGE_STANDARD = "gnu++0x";
				CLANG_CXX_LIBRARY = "libc++";
				CLANG_ENABLE_MODULES = YES;
				CLANG_ENABLE_OBJC_ARC = YES;
				CLANG_WARN_BOOL_CONVERSION = YES;
				CLANG_WARN_CONSTANT_CONVERSION = YES;
				CLANG_WARN_DIRECT_OBJC_ISA_USAGE = YES_ERROR;
				CLANG_WARN_DOCUMENTATION_COMMENTS = YES;
				CLANG_WARN_EMPTY_BODY = YES;
				CLANG_WARN_ENUM_CONVERSION = YES;
				CLANG_WARN_INFINITE_RECURSION = YES;
				CLANG_WARN_INT_CONVERSION = YES;
				CLANG_WARN_OBJC_ROOT_CLASS = YES_ERROR;
				CLANG_WARN_SUSPICIOUS_MOVE = YES;
				CLANG_WARN_UNREACHABLE_CODE = YES;
				CLANG_WARN__DUPLICATE_METHOD_MATCH = YES;
				"CODE_SIGN_IDENTITY[sdk=iphoneos*]" = "iPhone Developer";
				COPY_PHASE_STRIP = NO;
				DEBUG_INFORMATION_FORMAT = dwarf;
				ENABLE_STRICT_OBJC_MSGSEND = YES;
				ENABLE_TESTABILITY = YES;
				GCC_C_LANGUAGE_STANDARD = gnu99;
				GCC_DYNAMIC_NO_PIC = NO;
				GCC_NO_COMMON_BLOCKS = YES;
				GCC_OPTIMIZATION_LEVEL = 0;
				GCC_PREPROCESSOR_DEFINITIONS = (
					"DEBUG=1",
					"$(inherited)",
				);
				GCC_WARN_64_TO_32_BIT_CONVERSION = YES;
				GCC_WARN_ABOUT_RETURN_TYPE = YES_ERROR;
				GCC_WARN_UNDECLARED_SELECTOR = YES;
				GCC_WARN_UNINITIALIZED_AUTOS = YES_AGGRESSIVE;
				GCC_WARN_UNUSED_FUNCTION = YES;
				GCC_WARN_UNUSED_VARIABLE = YES;
				IPHONEOS_DEPLOYMENT_TARGET = 10.2;
				MTL_ENABLE_DEBUG_INFO = YES;
				ONLY_ACTIVE_ARCH = YES;
				SDKROOT = iphoneos;
				SWIFT_ACTIVE_COMPILATION_CONDITIONS = DEBUG;
				SWIFT_OPTIMIZATION_LEVEL = "-Onone";
			};
			name = Debug;
		};
		1BC96ED81E32478C0088550F /* Release */ = {
			isa = XCBuildConfiguration;
			buildSettings = {
				ALWAYS_SEARCH_USER_PATHS = NO;
				CLANG_ANALYZER_NONNULL = YES;
				CLANG_CXX_LANGUAGE_STANDARD = "gnu++0x";
				CLANG_CXX_LIBRARY = "libc++";
				CLANG_ENABLE_MODULES = YES;
				CLANG_ENABLE_OBJC_ARC = YES;
				CLANG_WARN_BOOL_CONVERSION = YES;
				CLANG_WARN_CONSTANT_CONVERSION = YES;
				CLANG_WARN_DIRECT_OBJC_ISA_USAGE = YES_ERROR;
				CLANG_WARN_DOCUMENTATION_COMMENTS = YES;
				CLANG_WARN_EMPTY_BODY = YES;
				CLANG_WARN_ENUM_CONVERSION = YES;
				CLANG_WARN_INFINITE_RECURSION = YES;
				CLANG_WARN_INT_CONVERSION = YES;
				CLANG_WARN_OBJC_ROOT_CLASS = YES_ERROR;
				CLANG_WARN_SUSPICIOUS_MOVE = YES;
				CLANG_WARN_UNREACHABLE_CODE = YES;
				CLANG_WARN__DUPLICATE_METHOD_MATCH = YES;
				"CODE_SIGN_IDENTITY[sdk=iphoneos*]" = "iPhone Developer";
				COPY_PHASE_STRIP = NO;
				DEBUG_INFORMATION_FORMAT = "dwarf-with-dsym";
				ENABLE_NS_ASSERTIONS = NO;
				ENABLE_STRICT_OBJC_MSGSEND = YES;
				GCC_C_LANGUAGE_STANDARD = gnu99;
				GCC_NO_COMMON_BLOCKS = YES;
				GCC_WARN_64_TO_32_BIT_CONVERSION = YES;
				GCC_WARN_ABOUT_RETURN_TYPE = YES_ERROR;
				GCC_WARN_UNDECLARED_SELECTOR = YES;
				GCC_WARN_UNINITIALIZED_AUTOS = YES_AGGRESSIVE;
				GCC_WARN_UNUSED_FUNCTION = YES;
				GCC_WARN_UNUSED_VARIABLE = YES;
				IPHONEOS_DEPLOYMENT_TARGET = 10.2;
				MTL_ENABLE_DEBUG_INFO = NO;
				SDKROOT = iphoneos;
				SWIFT_OPTIMIZATION_LEVEL = "-Owholemodule";
				VALIDATE_PRODUCT = YES;
			};
			name = Release;
		};
		1BC96EDA1E32478C0088550F /* Debug */ = {
			isa = XCBuildConfiguration;
			buildSettings = {
				ASSETCATALOG_COMPILER_APPICON_NAME = AppIcon;
				INFOPLIST_FILE = CRUDCoreData/Info.plist;
				LD_RUNPATH_SEARCH_PATHS = "$(inherited) @executable_path/Frameworks";
				PRODUCT_BUNDLE_IDENTIFIER = com.klm.CRUDCoreData;
				PRODUCT_NAME = "$(TARGET_NAME)";
				SWIFT_VERSION = 3.0;
			};
			name = Debug;
		};
		1BC96EDB1E32478C0088550F /* Release */ = {
			isa = XCBuildConfiguration;
			buildSettings = {
				ASSETCATALOG_COMPILER_APPICON_NAME = AppIcon;
				INFOPLIST_FILE = CRUDCoreData/Info.plist;
				LD_RUNPATH_SEARCH_PATHS = "$(inherited) @executable_path/Frameworks";
				PRODUCT_BUNDLE_IDENTIFIER = com.klm.CRUDCoreData;
				PRODUCT_NAME = "$(TARGET_NAME)";
				SWIFT_VERSION = 3.0;
			};
			name = Release;
		};
/* End XCBuildConfiguration section */

/* Begin XCConfigurationList section */
		1BC96EBF1E32478C0088550F /* Build configuration list for PBXProject "CRUDCoreData" */ = {
			isa = XCConfigurationList;
			buildConfigurations = (
				1BC96ED71E32478C0088550F /* Debug */,
				1BC96ED81E32478C0088550F /* Release */,
			);
			defaultConfigurationIsVisible = 0;
			defaultConfigurationName = Release;
		};
		1BC96ED91E32478C0088550F /* Build configuration list for PBXNativeTarget "CRUDCoreData" */ = {
			isa = XCConfigurationList;
			buildConfigurations = (
				1BC96EDA1E32478C0088550F /* Debug */,
				1BC96EDB1E32478C0088550F /* Release */,
			);
			defaultConfigurationIsVisible = 0;
			defaultConfigurationName = Release;
		};
/* End XCConfigurationList section */

/* Begin XCVersionGroup section */
		1BC96ECE1E32478C0088550F /* CRUDCoreData.xcdatamodeld */ = {
			isa = XCVersionGroup;
			children = (
				1BC96ECF1E32478C0088550F /* CRUDCoreData.xcdatamodel */,
			);
			currentVersion = 1BC96ECF1E32478C0088550F /* CRUDCoreData.xcdatamodel */;
			path = CRUDCoreData.xcdatamodeld;
			sourceTree = "<group>";
			versionGroupType = wrapper.xcdatamodel;
		};
/* End XCVersionGroup section */
	};
	rootObject = 1BC96EBC1E32478C0088550F /* Project object */;
}
